# This file is generated by running "yarn install" inside your project.
# Manual changes might be lost - proceed with caution!

__metadata:
  version: 8
  cacheKey: 10

"@biomejs/biome@npm:^1.7.3":
  version: 1.7.3
  resolution: "@biomejs/biome@npm:1.7.3"
  dependencies:
    "@biomejs/cli-darwin-arm64": "npm:1.7.3"
    "@biomejs/cli-darwin-x64": "npm:1.7.3"
    "@biomejs/cli-linux-arm64": "npm:1.7.3"
    "@biomejs/cli-linux-arm64-musl": "npm:1.7.3"
    "@biomejs/cli-linux-x64": "npm:1.7.3"
    "@biomejs/cli-linux-x64-musl": "npm:1.7.3"
    "@biomejs/cli-win32-arm64": "npm:1.7.3"
    "@biomejs/cli-win32-x64": "npm:1.7.3"
  dependenciesMeta:
    "@biomejs/cli-darwin-arm64":
      optional: true
    "@biomejs/cli-darwin-x64":
      optional: true
    "@biomejs/cli-linux-arm64":
      optional: true
    "@biomejs/cli-linux-arm64-musl":
      optional: true
    "@biomejs/cli-linux-x64":
      optional: true
    "@biomejs/cli-linux-x64-musl":
      optional: true
    "@biomejs/cli-win32-arm64":
      optional: true
    "@biomejs/cli-win32-x64":
      optional: true
  bin:
    biome: bin/biome
  checksum: 10/fafe2caa658489f80640ecad27b4715881eaf0e88868da039610ebf13385f6345761a7b685772926abe9c415c5eaec07c890206bfcee632daaf0808b310e01e9
  languageName: node
  linkType: hard

"@biomejs/cli-darwin-arm64@npm:1.7.3":
  version: 1.7.3
  resolution: "@biomejs/cli-darwin-arm64@npm:1.7.3"
  conditions: os=darwin & cpu=arm64
  languageName: node
  linkType: hard

"@biomejs/cli-darwin-x64@npm:1.7.3":
  version: 1.7.3
  resolution: "@biomejs/cli-darwin-x64@npm:1.7.3"
  conditions: os=darwin & cpu=x64
  languageName: node
  linkType: hard

"@biomejs/cli-linux-arm64-musl@npm:1.7.3":
  version: 1.7.3
  resolution: "@biomejs/cli-linux-arm64-musl@npm:1.7.3"
  conditions: os=linux & cpu=arm64 & libc=musl
  languageName: node
  linkType: hard

"@biomejs/cli-linux-arm64@npm:1.7.3":
  version: 1.7.3
  resolution: "@biomejs/cli-linux-arm64@npm:1.7.3"
  conditions: os=linux & cpu=arm64 & libc=glibc
  languageName: node
  linkType: hard

"@biomejs/cli-linux-x64-musl@npm:1.7.3":
  version: 1.7.3
  resolution: "@biomejs/cli-linux-x64-musl@npm:1.7.3"
  conditions: os=linux & cpu=x64 & libc=musl
  languageName: node
  linkType: hard

"@biomejs/cli-linux-x64@npm:1.7.3":
  version: 1.7.3
  resolution: "@biomejs/cli-linux-x64@npm:1.7.3"
  conditions: os=linux & cpu=x64 & libc=glibc
  languageName: node
  linkType: hard

"@biomejs/cli-win32-arm64@npm:1.7.3":
  version: 1.7.3
  resolution: "@biomejs/cli-win32-arm64@npm:1.7.3"
  conditions: os=win32 & cpu=arm64
  languageName: node
  linkType: hard

"@biomejs/cli-win32-x64@npm:1.7.3":
  version: 1.7.3
  resolution: "@biomejs/cli-win32-x64@npm:1.7.3"
  conditions: os=win32 & cpu=x64
  languageName: node
  linkType: hard

"@esbuild/aix-ppc64@npm:0.21.2":
  version: 0.21.2
  resolution: "@esbuild/aix-ppc64@npm:0.21.2"
  conditions: os=aix & cpu=ppc64
  languageName: node
  linkType: hard

"@esbuild/android-arm64@npm:0.21.2":
  version: 0.21.2
  resolution: "@esbuild/android-arm64@npm:0.21.2"
  conditions: os=android & cpu=arm64
  languageName: node
  linkType: hard

"@esbuild/android-arm@npm:0.21.2":
  version: 0.21.2
  resolution: "@esbuild/android-arm@npm:0.21.2"
  conditions: os=android & cpu=arm
  languageName: node
  linkType: hard

"@esbuild/android-x64@npm:0.21.2":
  version: 0.21.2
  resolution: "@esbuild/android-x64@npm:0.21.2"
  conditions: os=android & cpu=x64
  languageName: node
  linkType: hard

"@esbuild/darwin-arm64@npm:0.21.2":
  version: 0.21.2
  resolution: "@esbuild/darwin-arm64@npm:0.21.2"
  conditions: os=darwin & cpu=arm64
  languageName: node
  linkType: hard

"@esbuild/darwin-x64@npm:0.21.2":
  version: 0.21.2
  resolution: "@esbuild/darwin-x64@npm:0.21.2"
  conditions: os=darwin & cpu=x64
  languageName: node
  linkType: hard

"@esbuild/freebsd-arm64@npm:0.21.2":
  version: 0.21.2
  resolution: "@esbuild/freebsd-arm64@npm:0.21.2"
  conditions: os=freebsd & cpu=arm64
  languageName: node
  linkType: hard

"@esbuild/freebsd-x64@npm:0.21.2":
  version: 0.21.2
  resolution: "@esbuild/freebsd-x64@npm:0.21.2"
  conditions: os=freebsd & cpu=x64
  languageName: node
  linkType: hard

"@esbuild/linux-arm64@npm:0.21.2":
  version: 0.21.2
  resolution: "@esbuild/linux-arm64@npm:0.21.2"
  conditions: os=linux & cpu=arm64
  languageName: node
  linkType: hard

"@esbuild/linux-arm@npm:0.21.2":
  version: 0.21.2
  resolution: "@esbuild/linux-arm@npm:0.21.2"
  conditions: os=linux & cpu=arm
  languageName: node
  linkType: hard

"@esbuild/linux-ia32@npm:0.21.2":
  version: 0.21.2
  resolution: "@esbuild/linux-ia32@npm:0.21.2"
  conditions: os=linux & cpu=ia32
  languageName: node
  linkType: hard

"@esbuild/linux-loong64@npm:0.21.2":
  version: 0.21.2
  resolution: "@esbuild/linux-loong64@npm:0.21.2"
  conditions: os=linux & cpu=loong64
  languageName: node
  linkType: hard

"@esbuild/linux-mips64el@npm:0.21.2":
  version: 0.21.2
  resolution: "@esbuild/linux-mips64el@npm:0.21.2"
  conditions: os=linux & cpu=mips64el
  languageName: node
  linkType: hard

"@esbuild/linux-ppc64@npm:0.21.2":
  version: 0.21.2
  resolution: "@esbuild/linux-ppc64@npm:0.21.2"
  conditions: os=linux & cpu=ppc64
  languageName: node
  linkType: hard

"@esbuild/linux-riscv64@npm:0.21.2":
  version: 0.21.2
  resolution: "@esbuild/linux-riscv64@npm:0.21.2"
  conditions: os=linux & cpu=riscv64
  languageName: node
  linkType: hard

"@esbuild/linux-s390x@npm:0.21.2":
  version: 0.21.2
  resolution: "@esbuild/linux-s390x@npm:0.21.2"
  conditions: os=linux & cpu=s390x
  languageName: node
  linkType: hard

"@esbuild/linux-x64@npm:0.21.2":
  version: 0.21.2
  resolution: "@esbuild/linux-x64@npm:0.21.2"
  conditions: os=linux & cpu=x64
  languageName: node
  linkType: hard

"@esbuild/netbsd-x64@npm:0.21.2":
  version: 0.21.2
  resolution: "@esbuild/netbsd-x64@npm:0.21.2"
  conditions: os=netbsd & cpu=x64
  languageName: node
  linkType: hard

"@esbuild/openbsd-x64@npm:0.21.2":
  version: 0.21.2
  resolution: "@esbuild/openbsd-x64@npm:0.21.2"
  conditions: os=openbsd & cpu=x64
  languageName: node
  linkType: hard

"@esbuild/sunos-x64@npm:0.21.2":
  version: 0.21.2
  resolution: "@esbuild/sunos-x64@npm:0.21.2"
  conditions: os=sunos & cpu=x64
  languageName: node
  linkType: hard

"@esbuild/win32-arm64@npm:0.21.2":
  version: 0.21.2
  resolution: "@esbuild/win32-arm64@npm:0.21.2"
  conditions: os=win32 & cpu=arm64
  languageName: node
  linkType: hard

"@esbuild/win32-ia32@npm:0.21.2":
  version: 0.21.2
  resolution: "@esbuild/win32-ia32@npm:0.21.2"
  conditions: os=win32 & cpu=ia32
  languageName: node
  linkType: hard

"@esbuild/win32-x64@npm:0.21.2":
  version: 0.21.2
  resolution: "@esbuild/win32-x64@npm:0.21.2"
  conditions: os=win32 & cpu=x64
  languageName: node
  linkType: hard

"@types/bun@npm:latest":
  version: 1.1.2
  resolution: "@types/bun@npm:1.1.2"
  dependencies:
    bun-types: "npm:1.1.8"
  checksum: 10/7428141d849e958ffd799ce8e0f91e8b25e9b3858829cbe45a0041e04e4db32a472de374d670c2491b8c14ee3b974940fcf0e89b960121cc158b048cc1ebdf75
  languageName: node
  linkType: hard

"@types/node@npm:*, @types/node@npm:~20.12.8":
  version: 20.12.12
  resolution: "@types/node@npm:20.12.12"
  dependencies:
    undici-types: "npm:~5.26.4"
  checksum: 10/e3945da0a3017bdc1f88f15bdfb823f526b2a717bd58d4640082d6eb0bd2794b5c99bfb914b9e9324ec116dce36066990353ed1c777e8a7b0641f772575793c4
  languageName: node
  linkType: hard

"@types/vscode@npm:^1.89.0":
  version: 1.89.0
  resolution: "@types/vscode@npm:1.89.0"
  checksum: 10/18494a57325e245059c171ebdca5def3baa8b02a2edfad72a0c4832a953d4ab9c4a8db1157c78bbe59a5363071ef04560f826272f0f8bbefbc109e59a19e3781
  languageName: node
  linkType: hard

"@types/ws@npm:~8.5.10":
  version: 8.5.10
  resolution: "@types/ws@npm:8.5.10"
  dependencies:
    "@types/node": "npm:*"
  checksum: 10/9b414dc5e0b6c6f1ea4b1635b3568c58707357f68076df9e7cd33194747b7d1716d5189c0dbdd68c8d2521b148e88184cf881bac7429eb0e5c989b001539ed31
  languageName: node
  linkType: hard

"@volar/language-core@npm:2.2.4, @volar/language-core@npm:^2.2.4":
  version: 2.2.4
  resolution: "@volar/language-core@npm:2.2.4"
  dependencies:
    "@volar/source-map": "npm:2.2.4"
  checksum: 10/1c1b2f8af6fa75e39aeb08185c7c43ddbaa1f6180518790b09bd23e3e2ee8fcad1101509fc6f5e172929883c28ee7b14577a879766557a30185cd60e6843e84b
  languageName: node
  linkType: hard

"@volar/language-server@npm:2.2.4, @volar/language-server@npm:^2.2.4":
  version: 2.2.4
  resolution: "@volar/language-server@npm:2.2.4"
  dependencies:
    "@volar/language-core": "npm:2.2.4"
    "@volar/language-service": "npm:2.2.4"
    "@volar/snapshot-document": "npm:2.2.4"
    "@volar/typescript": "npm:2.2.4"
    "@vscode/l10n": "npm:^0.0.16"
    path-browserify: "npm:^1.0.1"
    request-light: "npm:^0.7.0"
    vscode-languageserver: "npm:^9.0.1"
    vscode-languageserver-protocol: "npm:^3.17.5"
    vscode-languageserver-textdocument: "npm:^1.0.11"
    vscode-uri: "npm:^3.0.8"
  checksum: 10/2088420781e074ce4e96ae10f5fdd8329aed1e79c12d28e06612269bc878514326f512942d5062fd15beb7fd2424c62719198f09f8fd589be954d5fdbc58bbec
  languageName: node
  linkType: hard

"@volar/language-service@npm:2.2.4, @volar/language-service@npm:^2.2.4":
  version: 2.2.4
  resolution: "@volar/language-service@npm:2.2.4"
  dependencies:
    "@volar/language-core": "npm:2.2.4"
    vscode-languageserver-protocol: "npm:^3.17.5"
    vscode-languageserver-textdocument: "npm:^1.0.11"
    vscode-uri: "npm:^3.0.8"
  checksum: 10/bf42341f35fb625bd03bcf98c9655232edba6321cf3502d9492e1f498d55725c350ce3972ebe440cb727234634f65c7d1235c564acbb816077d020aa1bf19880
  languageName: node
  linkType: hard

"@volar/snapshot-document@npm:2.2.4":
  version: 2.2.4
  resolution: "@volar/snapshot-document@npm:2.2.4"
  dependencies:
    vscode-languageserver-protocol: "npm:^3.17.5"
    vscode-languageserver-textdocument: "npm:^1.0.11"
  checksum: 10/78bd8f9ea06ab1e5ac88b7f1bbd098031a037f7d413da158887c55e0efc1d83fc3bf1e5cc953cd70114d74e962644c777f6b6ebf0658031cef674a0486161ce2
  languageName: node
  linkType: hard

"@volar/source-map@npm:2.2.4":
  version: 2.2.4
  resolution: "@volar/source-map@npm:2.2.4"
  dependencies:
    muggle-string: "npm:^0.4.0"
  checksum: 10/5bc767f0c68279800c009e4f34bbcc0cefd939802686d4dabe5b61cf1a339e97f6487891ba9e533c7489d4d8e66822544a17fb0f99978d2c0f0bb32fbfda7397
  languageName: node
  linkType: hard

"@volar/typescript@npm:2.2.4":
  version: 2.2.4
  resolution: "@volar/typescript@npm:2.2.4"
  dependencies:
    "@volar/language-core": "npm:2.2.4"
    path-browserify: "npm:^1.0.1"
  checksum: 10/de95ecc4c6abbcc1eb6f867fb62d87b617db45db477326429273268818a41cc19d76a5c85f90dd36da31596da6c4e20711e045ada62b7ea23ded4f6374c44f1c
  languageName: node
  linkType: hard

"@volar/vscode@npm:^2.2.4":
  version: 2.2.4
  resolution: "@volar/vscode@npm:2.2.4"
  dependencies:
    "@volar/language-server": "npm:2.2.4"
    path-browserify: "npm:^1.0.1"
    vscode-languageclient: "npm:^9.0.1"
    vscode-nls: "npm:^5.2.0"
  checksum: 10/9a3de6ae51f87e4db2ffdd2bd66e581d651b0ec9139f122b037401a0800a173526043bda475bece0ef7a82294b72edb22e4e3087275e3a2056f458d006e4c5f7
  languageName: node
  linkType: hard

"@vscode/l10n@npm:^0.0.16":
  version: 0.0.16
  resolution: "@vscode/l10n@npm:0.0.16"
  checksum: 10/9f39095dc77ede6b91c2a974effb0fe88b8f471f3e58067d53bc4dc6fc3569df9d8b46bdcc2d11b3af6379d48329d9414b23efa952427d4256de1224c6e94b53
  languageName: node
  linkType: hard

"@vscode/l10n@npm:^0.0.18":
  version: 0.0.18
  resolution: "@vscode/l10n@npm:0.0.18"
  checksum: 10/82e2d02ab28d1733340c3c8829ee39dfb40a7a6637bf3fc71b0d1a74f2d46cf35f551dacd18c34832d377fe8717ecc2f3d196e3d1c64fca1e55751ce67273daf
  languageName: node
  linkType: hard

"ajv@npm:^8.11.0":
  version: 8.13.0
  resolution: "ajv@npm:8.13.0"
  dependencies:
    fast-deep-equal: "npm:^3.1.3"
    json-schema-traverse: "npm:^1.0.0"
    require-from-string: "npm:^2.0.2"
    uri-js: "npm:^4.4.1"
  checksum: 10/4ada268c9a6e44be87fd295df0f0a91267a7bae8dbc8a67a2d5799c3cb459232839c99d18b035597bb6e3ffe88af6979f7daece854f590a81ebbbc2dfa80002c
  languageName: node
  linkType: hard

"balanced-match@npm:^1.0.0":
  version: 1.0.2
  resolution: "balanced-match@npm:1.0.2"
  checksum: 10/9706c088a283058a8a99e0bf91b0a2f75497f185980d9ffa8b304de1d9e58ebda7c72c07ebf01dadedaac5b2907b2c6f566f660d62bd336c3468e960403b9d65
  languageName: node
  linkType: hard

"brace-expansion@npm:^2.0.1":
  version: 2.0.1
  resolution: "brace-expansion@npm:2.0.1"
  dependencies:
    balanced-match: "npm:^1.0.0"
  checksum: 10/a61e7cd2e8a8505e9f0036b3b6108ba5e926b4b55089eeb5550cd04a471fe216c96d4fe7e4c7f995c728c554ae20ddfc4244cad10aef255e72b62930afd233d1
  languageName: node
  linkType: hard

"bun-types@npm:1.1.8":
  version: 1.1.8
  resolution: "bun-types@npm:1.1.8"
  dependencies:
    "@types/node": "npm:~20.12.8"
    "@types/ws": "npm:~8.5.10"
  checksum: 10/6580b6ec39ce6bfe83fbb1aac5103688427673ac6424e162cf4f54feb94decfdb74bc123c66c51a33f4e0897e9af937c62f020be27934e45974c19c601490726
  languageName: node
  linkType: hard

"esbuild@npm:^0.21.2":
  version: 0.21.2
  resolution: "esbuild@npm:0.21.2"
  dependencies:
    "@esbuild/aix-ppc64": "npm:0.21.2"
    "@esbuild/android-arm": "npm:0.21.2"
    "@esbuild/android-arm64": "npm:0.21.2"
    "@esbuild/android-x64": "npm:0.21.2"
    "@esbuild/darwin-arm64": "npm:0.21.2"
    "@esbuild/darwin-x64": "npm:0.21.2"
    "@esbuild/freebsd-arm64": "npm:0.21.2"
    "@esbuild/freebsd-x64": "npm:0.21.2"
    "@esbuild/linux-arm": "npm:0.21.2"
    "@esbuild/linux-arm64": "npm:0.21.2"
    "@esbuild/linux-ia32": "npm:0.21.2"
    "@esbuild/linux-loong64": "npm:0.21.2"
    "@esbuild/linux-mips64el": "npm:0.21.2"
    "@esbuild/linux-ppc64": "npm:0.21.2"
    "@esbuild/linux-riscv64": "npm:0.21.2"
    "@esbuild/linux-s390x": "npm:0.21.2"
    "@esbuild/linux-x64": "npm:0.21.2"
    "@esbuild/netbsd-x64": "npm:0.21.2"
    "@esbuild/openbsd-x64": "npm:0.21.2"
    "@esbuild/sunos-x64": "npm:0.21.2"
    "@esbuild/win32-arm64": "npm:0.21.2"
    "@esbuild/win32-ia32": "npm:0.21.2"
    "@esbuild/win32-x64": "npm:0.21.2"
  dependenciesMeta:
    "@esbuild/aix-ppc64":
      optional: true
    "@esbuild/android-arm":
      optional: true
    "@esbuild/android-arm64":
      optional: true
    "@esbuild/android-x64":
      optional: true
    "@esbuild/darwin-arm64":
      optional: true
    "@esbuild/darwin-x64":
      optional: true
    "@esbuild/freebsd-arm64":
      optional: true
    "@esbuild/freebsd-x64":
      optional: true
    "@esbuild/linux-arm":
      optional: true
    "@esbuild/linux-arm64":
      optional: true
    "@esbuild/linux-ia32":
      optional: true
    "@esbuild/linux-loong64":
      optional: true
    "@esbuild/linux-mips64el":
      optional: true
    "@esbuild/linux-ppc64":
      optional: true
    "@esbuild/linux-riscv64":
      optional: true
    "@esbuild/linux-s390x":
      optional: true
    "@esbuild/linux-x64":
      optional: true
    "@esbuild/netbsd-x64":
      optional: true
    "@esbuild/openbsd-x64":
      optional: true
    "@esbuild/sunos-x64":
      optional: true
    "@esbuild/win32-arm64":
      optional: true
    "@esbuild/win32-ia32":
      optional: true
    "@esbuild/win32-x64":
      optional: true
  bin:
    esbuild: bin/esbuild
  checksum: 10/0f6663800686f06dc55a701e0a97648cc52aacfdb618bb48bcb6d6d1881e96152b9ac2729d8408db6263344dd07732210944527e50d874ee3a2c41bae74f7239
  languageName: node
  linkType: hard

"fast-deep-equal@npm:^3.1.3":
  version: 3.1.3
  resolution: "fast-deep-equal@npm:3.1.3"
  checksum: 10/e21a9d8d84f53493b6aa15efc9cfd53dd5b714a1f23f67fb5dc8f574af80df889b3bce25dc081887c6d25457cce704e636395333abad896ccdec03abaf1f3f9d
  languageName: node
  linkType: hard

"jiti@npm:^1.21.0":
  version: 1.21.0
  resolution: "jiti@npm:1.21.0"
  bin:
    jiti: bin/jiti.js
  checksum: 10/005a0239e50381b5c9919f59dbab86128367bd64872f3376dbbde54b6523f41bd134bf22909e2a509e38fd87e1c22125ca255b9b6b53e7df0fedd23f737334cc
  languageName: node
  linkType: hard

"json-schema-traverse@npm:^1.0.0":
  version: 1.0.0
  resolution: "json-schema-traverse@npm:1.0.0"
  checksum: 10/02f2f466cdb0362558b2f1fd5e15cce82ef55d60cd7f8fa828cf35ba74330f8d767fcae5c5c2adb7851fa811766c694b9405810879bc4e1ddd78a7c0e03658ad
  languageName: node
  linkType: hard

"jsonc-parser@npm:^3.0.0":
  version: 3.2.1
  resolution: "jsonc-parser@npm:3.2.1"
  checksum: 10/fe2df6f39e21653781d52cae20c5b9e0ab62461918d97f9430b216cea9b6500efc1d8b42c6584cc0a7548b4c996055e9cdc39f09b9782fa6957af2f45306c530
  languageName: node
  linkType: hard

"language-server-yuni@workspace:packages/language-server":
  version: 0.0.0-use.local
  resolution: "language-server-yuni@workspace:packages/language-server"
  dependencies:
    "@volar/language-core": "npm:^2.2.4"
    "@volar/language-server": "npm:^2.2.4"
    "@volar/language-service": "npm:^2.2.4"
    esbuild: "npm:^0.21.2"
    jiti: "npm:^1.21.0"
    typescript: "npm:^5.4.5"
    volar-service-css: "npm:^0.0.45"
    volar-service-html: "npm:^0.0.45"
    volar-service-typescript: "npm:^0.0.45"
    volar-service-yaml: "npm:^0.0.45"
    vscode-html-languageservice: "npm:^5.2.0"
    yaml: "npm:^2.4.2"
  peerDependencies:
    typescript: ^5.0.0
  bin:
    yuni-language-server: ./bin/yuni-language-server.cjs
  languageName: unknown
  linkType: soft

"language-server@file:./packages/language-server::locator=volar-test%40workspace%3A.":
  version: 0.0.1
  resolution: "language-server@file:./packages/language-server#./packages/language-server::hash=8d7bfc&locator=volar-test%40workspace%3A."
  dependencies:
    "@volar/language-core": "npm:^2.2.4"
    "@volar/language-server": "npm:^2.2.4"
    "@volar/language-service": "npm:^2.2.4"
    volar-service-css: "npm:^0.0.45"
    volar-service-html: "npm:^0.0.45"
    volar-service-typescript: "npm:^0.0.45"
    volar-service-yaml: "npm:^0.0.45"
    vscode-html-languageservice: "npm:^5.2.0"
    yaml: "npm:^2.4.2"
  peerDependencies:
    typescript: ^5.0.0
  bin:
    yuni-language-server: ./bin/yuni-language-server.cjs
  checksum: 10/5b12af1be48b3eda009bee79243628cb089e2a917af6ac3fbbaffcbef1268b68941719ff9d531a4455c010a98e109710d855c2cd8c277c88ddc88443eb2bcecb
  languageName: node
  linkType: hard

"language-server@portal:../language-server::locator=vscode-yuni%40workspace%3Apackages%2Fvscode":
  version: 0.0.0-use.local
  resolution: "language-server@portal:../language-server::locator=vscode-yuni%40workspace%3Apackages%2Fvscode"
  dependencies:
    "@volar/language-core": "npm:^2.2.4"
    "@volar/language-server": "npm:^2.2.4"
    "@volar/language-service": "npm:^2.2.4"
    volar-service-css: "npm:^0.0.45"
    volar-service-html: "npm:^0.0.45"
    volar-service-typescript: "npm:^0.0.45"
    volar-service-yaml: "npm:^0.0.45"
    vscode-html-languageservice: "npm:^5.2.0"
    yaml: "npm:^2.4.2"
  peerDependencies:
    typescript: ^5.0.0
  bin:
    yuni-language-server: ./bin/yuni-language-server.cjs
  languageName: node
  linkType: soft

"lodash@npm:4.17.21":
  version: 4.17.21
  resolution: "lodash@npm:4.17.21"
  checksum: 10/c08619c038846ea6ac754abd6dd29d2568aa705feb69339e836dfa8d8b09abbb2f859371e86863eda41848221f9af43714491467b5b0299122431e202bb0c532
  languageName: node
  linkType: hard

"minimatch@npm:^5.1.0":
  version: 5.1.6
  resolution: "minimatch@npm:5.1.6"
  dependencies:
    brace-expansion: "npm:^2.0.1"
  checksum: 10/126b36485b821daf96d33b5c821dac600cc1ab36c87e7a532594f9b1652b1fa89a1eebcaad4dff17c764dce1a7ac1531327f190fed5f97d8f6e5f889c116c429
  languageName: node
  linkType: hard

"muggle-string@npm:^0.4.0":
  version: 0.4.1
  resolution: "muggle-string@npm:0.4.1"
  checksum: 10/8fa2ea08f497c04069718bd3fd1909b382114dacbad832d10967ca72690de43f5f8492d8ccfbf827d6be63868ed5fc10395e7b7c082aa95997eea498586c6620
  languageName: node
  linkType: hard

"path-browserify@npm:^1.0.1":
  version: 1.0.1
  resolution: "path-browserify@npm:1.0.1"
  checksum: 10/7e7368a5207e7c6b9051ef045711d0dc3c2b6203e96057e408e6e74d09f383061010d2be95cb8593fe6258a767c3e9fc6b2bfc7ce8d48ae8c3d9f6994cca9ad8
  languageName: node
  linkType: hard

"prettier@npm:2.8.7":
  version: 2.8.7
  resolution: "prettier@npm:2.8.7"
  bin:
    prettier: bin-prettier.js
  checksum: 10/5d5acc2015dcd9ae4033c0ea3189820920149137100750c897d384bc9058c79c78af94ca892f3bc7c5b6da0661a50357e8eb9eb455c4c1da156b1d0757f54a8a
  languageName: node
  linkType: hard

"punycode@npm:^2.1.0":
  version: 2.3.1
  resolution: "punycode@npm:2.3.1"
  checksum: 10/febdc4362bead22f9e2608ff0171713230b57aff9dddc1c273aa2a651fbd366f94b7d6a71d78342a7c0819906750351ca7f2edd26ea41b626d87d6a13d1bd059
  languageName: node
  linkType: hard

"request-light@npm:^0.5.7":
  version: 0.5.8
  resolution: "request-light@npm:0.5.8"
  checksum: 10/faac518707db4db6eb30f489e54753db10cde29cf78a5074faf7c5fb3ee2482448e22fb0cf3ee3ef04b44aa666f2853cbb0fd2f65eb9886838854e9e599461ab
  languageName: node
  linkType: hard

"request-light@npm:^0.7.0":
  version: 0.7.0
  resolution: "request-light@npm:0.7.0"
  checksum: 10/f05268172af90c3ad0fd2a6039216c2053f5569d5c450b182c5ea0c7d256e20d0c8726a570706ebf20e5e1720f69f8b924ef4e5674d8a497234a801ade30b31e
  languageName: node
  linkType: hard

"require-from-string@npm:^2.0.2":
  version: 2.0.2
  resolution: "require-from-string@npm:2.0.2"
  checksum: 10/839a3a890102a658f4cb3e7b2aa13a1f80a3a976b512020c3d1efc418491c48a886b6e481ea56afc6c4cb5eef678f23b2a4e70575e7534eccadf5e30ed2e56eb
  languageName: node
  linkType: hard

"semver@npm:^7.3.7, semver@npm:^7.3.8, semver@npm:^7.5.4":
  version: 7.6.2
  resolution: "semver@npm:7.6.2"
  bin:
    semver: bin/semver.js
  checksum: 10/296b17d027f57a87ef645e9c725bff4865a38dfc9caf29b26aa084b85820972fbe7372caea1ba6857162fa990702c6d9c1d82297cecb72d56c78ab29070d2ca2
  languageName: node
  linkType: hard

"turbo-darwin-64@npm:1.13.3":
  version: 1.13.3
  resolution: "turbo-darwin-64@npm:1.13.3"
  conditions: os=darwin & cpu=x64
  languageName: node
  linkType: hard

"turbo-darwin-arm64@npm:1.13.3":
  version: 1.13.3
  resolution: "turbo-darwin-arm64@npm:1.13.3"
  conditions: os=darwin & cpu=arm64
  languageName: node
  linkType: hard

"turbo-linux-64@npm:1.13.3":
  version: 1.13.3
  resolution: "turbo-linux-64@npm:1.13.3"
  conditions: os=linux & cpu=x64
  languageName: node
  linkType: hard

"turbo-linux-arm64@npm:1.13.3":
  version: 1.13.3
  resolution: "turbo-linux-arm64@npm:1.13.3"
  conditions: os=linux & cpu=arm64
  languageName: node
  linkType: hard

"turbo-windows-64@npm:1.13.3":
  version: 1.13.3
  resolution: "turbo-windows-64@npm:1.13.3"
  conditions: os=win32 & cpu=x64
  languageName: node
  linkType: hard

"turbo-windows-arm64@npm:1.13.3":
  version: 1.13.3
  resolution: "turbo-windows-arm64@npm:1.13.3"
  conditions: os=win32 & cpu=arm64
  languageName: node
  linkType: hard

"turbo@npm:^1.13.3":
  version: 1.13.3
  resolution: "turbo@npm:1.13.3"
  dependencies:
    turbo-darwin-64: "npm:1.13.3"
    turbo-darwin-arm64: "npm:1.13.3"
    turbo-linux-64: "npm:1.13.3"
    turbo-linux-arm64: "npm:1.13.3"
    turbo-windows-64: "npm:1.13.3"
    turbo-windows-arm64: "npm:1.13.3"
  dependenciesMeta:
    turbo-darwin-64:
      optional: true
    turbo-darwin-arm64:
      optional: true
    turbo-linux-64:
      optional: true
    turbo-linux-arm64:
      optional: true
    turbo-windows-64:
      optional: true
    turbo-windows-arm64:
      optional: true
  bin:
    turbo: bin/turbo
  checksum: 10/de96309b3c4c28b51d9436cdec57e3df452dea4ec4512e6c3b7f6596265d4b22d2c16b9c8a674cc1bafa3cc2eea9feb89a807526d6d820f9bca0522d8d86df12
  languageName: node
  linkType: hard

"typescript-auto-import-cache@npm:^0.3.1":
  version: 0.3.2
  resolution: "typescript-auto-import-cache@npm:0.3.2"
  dependencies:
    semver: "npm:^7.3.8"
  checksum: 10/246535b3ca3cfb7dc79263cf36d5731348322b2421a4057dedcd72cb885da708c21e902c4cce59c0ac774a0e984ca949b346e326a42a88ee90b64a428f0f7685
  languageName: node
  linkType: hard

"typescript@npm:^5.4.5":
  version: 5.4.5
  resolution: "typescript@npm:5.4.5"
  bin:
    tsc: bin/tsc
    tsserver: bin/tsserver
  checksum: 10/d04a9e27e6d83861f2126665aa8d84847e8ebabcea9125b9ebc30370b98cb38b5dff2508d74e2326a744938191a83a69aa9fddab41f193ffa43eabfdf3f190a5
  languageName: node
  linkType: hard

"typescript@patch:typescript@npm%3A^5.4.5#optional!builtin<compat/typescript>":
  version: 5.4.5
  resolution: "typescript@patch:typescript@npm%3A5.4.5#optional!builtin<compat/typescript>::version=5.4.5&hash=5adc0c"
  bin:
    tsc: bin/tsc
    tsserver: bin/tsserver
  checksum: 10/760f7d92fb383dbf7dee2443bf902f4365db2117f96f875cf809167f6103d55064de973db9f78fe8f31ec08fff52b2c969aee0d310939c0a3798ec75d0bca2e1
  languageName: node
  linkType: hard

"undici-types@npm:~5.26.4":
  version: 5.26.5
  resolution: "undici-types@npm:5.26.5"
  checksum: 10/0097779d94bc0fd26f0418b3a05472410408877279141ded2bd449167be1aed7ea5b76f756562cb3586a07f251b90799bab22d9019ceba49c037c76445f7cddd
  languageName: node
  linkType: hard

"uri-js@npm:^4.4.1":
  version: 4.4.1
  resolution: "uri-js@npm:4.4.1"
  dependencies:
    punycode: "npm:^2.1.0"
  checksum: 10/b271ca7e3d46b7160222e3afa3e531505161c9a4e097febae9664e4b59912f4cbe94861361a4175edac3a03fee99d91e44b6a58c17a634bc5a664b19fc76fbcb
  languageName: node
  linkType: hard

"volar-service-css@npm:^0.0.45":
  version: 0.0.45
  resolution: "volar-service-css@npm:0.0.45"
  dependencies:
    vscode-css-languageservice: "npm:^6.2.10"
    vscode-languageserver-textdocument: "npm:^1.0.11"
    vscode-uri: "npm:^3.0.8"
  peerDependencies:
    "@volar/language-service": ~2.2.3
  peerDependenciesMeta:
    "@volar/language-service":
      optional: true
  checksum: 10/ae5b942a4ff2cd731ccdfd193ee129fd5bf0d11e5252bf99c03c9fae5beff790dd203e36ef5c905d1edea8f8a85662d784e44222cdbac0efa45605469c90e27a
  languageName: node
  linkType: hard

"volar-service-html@npm:^0.0.45":
  version: 0.0.45
  resolution: "volar-service-html@npm:0.0.45"
  dependencies:
    vscode-html-languageservice: "npm:@johnsoncodehk/vscode-html-languageservice@5.2.0-34a5462"
    vscode-languageserver-textdocument: "npm:^1.0.11"
    vscode-uri: "npm:^3.0.8"
  peerDependencies:
    "@volar/language-service": ~2.2.3
  peerDependenciesMeta:
    "@volar/language-service":
      optional: true
  checksum: 10/d9bb3668b98a098894984624ba5d240ea72a0f99cd59de335a1b1b2896081655bd5ed4089a207c24a513cc7ab7aac34f0ad00f9d9087011bd8e904366465d758
  languageName: node
  linkType: hard

"volar-service-typescript@npm:^0.0.45":
  version: 0.0.45
  resolution: "volar-service-typescript@npm:0.0.45"
  dependencies:
    path-browserify: "npm:^1.0.1"
    semver: "npm:^7.5.4"
    typescript-auto-import-cache: "npm:^0.3.1"
    vscode-languageserver-textdocument: "npm:^1.0.11"
    vscode-nls: "npm:^5.2.0"
  peerDependencies:
    "@volar/language-service": ~2.2.3
  peerDependenciesMeta:
    "@volar/language-service":
      optional: true
  checksum: 10/a40b21ccf3a14a230dbb3c1e3456d08a313330e02de931fb06cfa0623971e43b55469ff5a7c9a228ef8856c866504afe77d26b4e84f2b292f136f3e26998903a
  languageName: node
  linkType: hard

"volar-service-yaml@npm:^0.0.45":
  version: 0.0.45
  resolution: "volar-service-yaml@npm:0.0.45"
  dependencies:
    vscode-uri: "npm:^3.0.8"
    yaml-language-server: "npm:1.14.0"
  peerDependencies:
    "@volar/language-service": ~2.2.3
  peerDependenciesMeta:
    "@volar/language-service":
      optional: true
  checksum: 10/3998681fcd9203fbfefc5115431dcc60b68ec4d022df78921e0f72c7b2581016fb10478fa377ac7a5e8b7a5dbc312413ad6e66f97f307c054b0a877c8a6663ac
  languageName: node
  linkType: hard

"volar-test@workspace:.":
  version: 0.0.0-use.local
  resolution: "volar-test@workspace:."
  dependencies:
    "@biomejs/biome": "npm:^1.7.3"
    "@types/bun": "npm:latest"
    language-server: "file:./packages/language-server"
    turbo: "npm:^1.13.3"
  languageName: unknown
  linkType: soft

"vscode-css-languageservice@npm:^6.2.10":
  version: 6.2.14
  resolution: "vscode-css-languageservice@npm:6.2.14"
  dependencies:
    "@vscode/l10n": "npm:^0.0.18"
    vscode-languageserver-textdocument: "npm:^1.0.11"
    vscode-languageserver-types: "npm:3.17.5"
    vscode-uri: "npm:^3.0.8"
  checksum: 10/1bd4e89c5313c1f5c1195031220b7d4f7f07faa8efef3500917a8b82cda525c41edf6704a823da0e46a0fde6ed11209b78927e4d044a0883ad3e629b03b14d2d
  languageName: node
  linkType: hard

"vscode-html-languageservice@npm:@johnsoncodehk/vscode-html-languageservice@5.2.0-34a5462":
  version: 5.2.0-34a5462
  resolution: "@johnsoncodehk/vscode-html-languageservice@npm:5.2.0-34a5462"
  dependencies:
    "@vscode/l10n": "npm:^0.0.18"
    vscode-languageserver-textdocument: "npm:^1.0.11"
    vscode-languageserver-types: "npm:^3.17.5"
    vscode-uri: "npm:^3.0.8"
  checksum: 10/dca09c0d9a288f96d99369e8be0ae69035b94214d7d4426834df5bf90d8513547a2f8048d07ee34c91fd2b016142db25ccd1d61b87c09b25da559fd72d0ebd91
  languageName: node
  linkType: hard

"vscode-html-languageservice@npm:^5.2.0":
  version: 5.2.0
  resolution: "vscode-html-languageservice@npm:5.2.0"
  dependencies:
    "@vscode/l10n": "npm:^0.0.18"
    vscode-languageserver-textdocument: "npm:^1.0.11"
    vscode-languageserver-types: "npm:^3.17.5"
    vscode-uri: "npm:^3.0.8"
  checksum: 10/62e85948971061a438cdecca23c5207cc38aeef65d2d1699efa8e16d27bcc8fcdbdbfbf27970ef27c891d290a15240cb6a8d5fbdb8053ec722de4fdc9b684678
  languageName: node
  linkType: hard

"vscode-json-languageservice@npm:4.1.8":
  version: 4.1.8
  resolution: "vscode-json-languageservice@npm:4.1.8"
  dependencies:
    jsonc-parser: "npm:^3.0.0"
    vscode-languageserver-textdocument: "npm:^1.0.1"
    vscode-languageserver-types: "npm:^3.16.0"
    vscode-nls: "npm:^5.0.0"
    vscode-uri: "npm:^3.0.2"
  checksum: 10/e14ffeaf04cf3a8735e4707aaede575c986366be02315f65b36d99727d2c6c9375e6c15ece2de2037499fab4ac9994dee9f394960bf4f152d0f33094d0f6f7ac
  languageName: node
  linkType: hard

"vscode-jsonrpc@npm:6.0.0":
  version: 6.0.0
  resolution: "vscode-jsonrpc@npm:6.0.0"
  checksum: 10/c9af7ed831912b5df0d046260ff24f99582f1f75aa49f49a39a67da1dc595dd00ddae756ae3ef64c73bc2c0e4d79b37aa13e56e24a30319f8053a229d6589b19
  languageName: node
  linkType: hard

"vscode-jsonrpc@npm:8.2.0":
  version: 8.2.0
  resolution: "vscode-jsonrpc@npm:8.2.0"
  checksum: 10/6d57c3aed591d0bc89d1c226061d265b04de528582bef183f5998cac5de78a736887e5238fe48b9f6a14ec32f05d8fda71599f92862ac5dacc7f26bf7399b532
  languageName: node
  linkType: hard

"vscode-languageclient@npm:^9.0.1":
  version: 9.0.1
  resolution: "vscode-languageclient@npm:9.0.1"
  dependencies:
    minimatch: "npm:^5.1.0"
    semver: "npm:^7.3.7"
    vscode-languageserver-protocol: "npm:3.17.5"
  checksum: 10/56acdb78a153e39d9f97494833ae74ff49b143034f4ef8d0bd3817e39c9278d1e6db7269875d0b3fc173d9717b5806b6812bbac7d85b8325c37ca142383bfcdb
  languageName: node
  linkType: hard

"vscode-languageserver-protocol@npm:3.16.0":
  version: 3.16.0
  resolution: "vscode-languageserver-protocol@npm:3.16.0"
  dependencies:
    vscode-jsonrpc: "npm:6.0.0"
    vscode-languageserver-types: "npm:3.16.0"
  checksum: 10/6cc184e7bc7e9334361080662a1927cc9fa4b42acf19f1e7b92f9cafa5cb0897cc1586ef1c8eb932bf46404f6eed00283540ed2e4c8247506f9bec3a4aee7131
  languageName: node
  linkType: hard

"vscode-languageserver-protocol@npm:3.17.5, vscode-languageserver-protocol@npm:^3.17.5":
  version: 3.17.5
  resolution: "vscode-languageserver-protocol@npm:3.17.5"
  dependencies:
    vscode-jsonrpc: "npm:8.2.0"
    vscode-languageserver-types: "npm:3.17.5"
  checksum: 10/aeb9c190184c365fa6b835e5aa7574c86cb3ecb2789386bcff76a09b22bc8b8e0d5da47c28193a9c73cfb32c10a12a91191779280324a38efb401e3ef7bad294
  languageName: node
  linkType: hard

"vscode-languageserver-textdocument@npm:^1.0.1, vscode-languageserver-textdocument@npm:^1.0.11":
  version: 1.0.11
  resolution: "vscode-languageserver-textdocument@npm:1.0.11"
  checksum: 10/6096d2a85570e819e01ff406de7c88c48211e6874c6fc71df92193aa8b5aadf40591e44f033d634a95d04975d7aad29049d3eccab617ca41c189ae325aadb913
  languageName: node
  linkType: hard

"vscode-languageserver-types@npm:3.16.0":
  version: 3.16.0
  resolution: "vscode-languageserver-types@npm:3.16.0"
  checksum: 10/a276ad08bcf6b7eabff50073a927e3053243d558f6d7a9cba7475de2f2623ec42279e4e03544cce4cfdd5a91f3ed517074f688b42395b3e91d21809dbad43019
  languageName: node
  linkType: hard

"vscode-languageserver-types@npm:3.17.5, vscode-languageserver-types@npm:^3.16.0, vscode-languageserver-types@npm:^3.17.5":
  version: 3.17.5
  resolution: "vscode-languageserver-types@npm:3.17.5"
  checksum: 10/900d0b81df5bef8d90933e75be089142f6989cc70fdb2d5a3a5f11fa20feb396aaea23ccffc8fbcc83a2f0e1b13c6ee48ff8151f236cbd6e61a4f856efac1a58
  languageName: node
  linkType: hard

"vscode-languageserver@npm:^7.0.0":
  version: 7.0.0
  resolution: "vscode-languageserver@npm:7.0.0"
  dependencies:
    vscode-languageserver-protocol: "npm:3.16.0"
  bin:
    installServerIntoExtension: bin/installServerIntoExtension
  checksum: 10/4ea1536e83ee392d0f0d4971828095a4efcd6b5b1310e7fc95f1d5e0e91328e52b27294718dcd5957d029d9301e8bb7cb181f1127937737a09a9a2ae413997e4
  languageName: node
  linkType: hard

"vscode-languageserver@npm:^9.0.1":
  version: 9.0.1
  resolution: "vscode-languageserver@npm:9.0.1"
  dependencies:
    vscode-languageserver-protocol: "npm:3.17.5"
  bin:
    installServerIntoExtension: bin/installServerIntoExtension
  checksum: 10/1cb643b1b1f41a620aaf4a62e152acad694c22b4d98de73fa614a0bddf3b4b4832460465bdbc43f27ba23dad7e61aba533e77b8bfac74cc8de310c39623a7ba1
  languageName: node
  linkType: hard

"vscode-nls@npm:^5.0.0, vscode-nls@npm:^5.2.0":
  version: 5.2.0
  resolution: "vscode-nls@npm:5.2.0"
  checksum: 10/7dd0d07e5f1fd7a7d1b35eabea20322e2efef4e93cebe6de45ee015ea0152ec1c354fd763d3987aed1db261f466ff31631d6acd679ac67af608fb49b9868e1ab
  languageName: node
  linkType: hard

"vscode-uri@npm:^3.0.2, vscode-uri@npm:^3.0.8":
  version: 3.0.8
  resolution: "vscode-uri@npm:3.0.8"
  checksum: 10/e882d6b679e0d053cbc042893c0951a135d899a192b62cd07f0a8924f11ae722067a8d6b1b5b147034becf57faf9fff9fb543b17b749fd0f17db1f54f783f07c
  languageName: node
  linkType: hard

"vscode-yuni@workspace:packages/vscode":
  version: 0.0.0-use.local
  resolution: "vscode-yuni@workspace:packages/vscode"
  dependencies:
    "@types/vscode": "npm:^1.89.0"
    "@volar/language-server": "npm:^2.2.4"
    "@volar/vscode": "npm:^2.2.4"
    esbuild: "npm:^0.21.2"
    jiti: "npm:^1.21.0"
    language-server: "portal:../language-server"
    typescript: "npm:^5.4.5"
    vscode-languageclient: "npm:^9.0.1"
  languageName: unknown
  linkType: soft

"yaml-language-server@npm:1.14.0":
  version: 1.14.0
  resolution: "yaml-language-server@npm:1.14.0"
  dependencies:
    ajv: "npm:^8.11.0"
    lodash: "npm:4.17.21"
    prettier: "npm:2.8.7"
    request-light: "npm:^0.5.7"
    vscode-json-languageservice: "npm:4.1.8"
    vscode-languageserver: "npm:^7.0.0"
    vscode-languageserver-textdocument: "npm:^1.0.1"
    vscode-languageserver-types: "npm:^3.16.0"
    vscode-nls: "npm:^5.0.0"
    vscode-uri: "npm:^3.0.2"
    yaml: "npm:2.2.2"
  dependenciesMeta:
    prettier:
      optional: true
  bin:
    yaml-language-server: bin/yaml-language-server
  checksum: 10/682966c5c4d739cae52c88458f5699cdecab317ca31fcaaaf12c8c44e87c90208d121de97247d476212445eaea7989f6112689b135c09a655cf5c1f94610bbb2
  languageName: node
  linkType: hard

"yaml@npm:2.2.2":
  version: 2.2.2
  resolution: "yaml@npm:2.2.2"
  checksum: 10/991384bf875dd1df9ab8e3393d6db7010d222eef4e750f17590b5d3d96d3f3ad49420f58fff6a3896321fb64d08f4bb3b4edf0d337fdfd6e960119ef5aa0527c
  languageName: node
  linkType: hard

"yaml@npm:^2.4.2":
  version: 2.4.2
  resolution: "yaml@npm:2.4.2"
  bin:
    yaml: bin.mjs
  checksum: 10/6eafbcd68dead734035f6f72af21bd820c29214caf7d8e40c595671a3c908535cef8092b9660a1c055c5833aa148aa640e0c5fa4adb5af2dacd6d28296ccd81c
  languageName: node
  linkType: hard
